
Microsoft Visual Studio Solution File, Format Version 12.00
# Visual Studio 2012
Project("{FAE04EC0-301F-11D3-BF4B-00C04F79EFBC}") = "DespatchBay", "DespatchBay\DespatchBay.csproj", "{F5DF13A9-D7DB-491D-98E3-EC16B8852795}"
EndProject
Global
	GlobalSection(SolutionConfigurationPlatforms) = preSolution
		Debug|x86 = Debug|x86
		Release|x86 = Release|x86
	EndGlobalSection
	GlobalSection(ProjectConfigurationPlatforms) = postSolution
		{F5DF13A9-D7DB-491D-98E3-EC16B8852795}.Debug|x86.ActiveCfg = Debug|x86
		{F5DF13A9-D7DB-491D-98E3-EC16B8852795}.Debug|x86.Build.0 = Debug|x86
		{F5DF13A9-D7DB-491D-98E3-EC16B8852795}.Release|x86.ActiveCfg = Release|x86
		{F5DF13A9-D7DB-491D-98E3-EC16B8852795}.Release|x86.Build.0 = Release|x86
	EndGlobalSection
EndGlobal
